// !$*UTF8*$!
{
	archiveVersion = 1;
	classes = {
	};
	objectVersion = 56;
	objects = {

/* Begin PBXBuildFile section */
		103219DE2CB478FA00D78376 /* DirectNativeIOSApp.swift in Sources */ = {isa = PBXBuildFile; fileRef = 103219DD2CB478FA00D78376 /* DirectNativeIOSApp.swift */; };
		103219E02CB478FA00D78376 /* ContentView.swift in Sources */ = {isa = PBXBuildFile; fileRef = 103219DF2CB478FA00D78376 /* ContentView.swift */; };
		103219E22CB478FF00D78376 /* Assets.xcassets in Resources */ = {isa = PBXBuildFile; fileRef = 103219E12CB478FF00D78376 /* Assets.xcassets */; };
		103219E62CB478FF00D78376 /* Preview Assets.xcassets in Resources */ = {isa = PBXBuildFile; fileRef = 103219E52CB478FF00D78376 /* Preview Assets.xcassets */; };
		103219F02CB487C300D78376 /* DNBridge.swift in Sources */ = {isa = PBXBuildFile; fileRef = 103219EC2CB487C300D78376 /* DNBridge.swift */; };
		108DDFB82CB538FD002D18FA /* DNRenderer.swift in Sources */ = {isa = PBXBuildFile; fileRef = 108DDFB42CB53685002D18FA /* DNRenderer.swift */; };
		108DDFB92CB53901002D18FA /* ViewController.swift in Sources */ = {isa = PBXBuildFile; fileRef = 108DDFB52CB53685002D18FA /* ViewController.swift */; };
		108DDFBD2CB5524F002D18FA /* Info.plist in Resources */ = {isa = PBXBuildFile; fileRef = 108DDFBC2CB5524F002D18FA /* Info.plist */; };
/* End PBXBuildFile section */

/* Begin PBXFileReference section */
		103219DA2CB478FA00D78376 /* DirectNativeIOS.app */ = {isa = PBXFileReference; explicitFileType = wrapper.application; includeInIndex = 0; path = DirectNativeIOS.app; sourceTree = BUILT_PRODUCTS_DIR; };
		103219DD2CB478FA00D78376 /* DirectNativeIOSApp.swift */ = {isa = PBXFileReference; lastKnownFileType = sourcecode.swift; path = DirectNativeIOSApp.swift; sourceTree = "<group>"; };
		103219DF2CB478FA00D78376 /* ContentView.swift */ = {isa = PBXFileReference; lastKnownFileType = sourcecode.swift; path = ContentView.swift; sourceTree = "<group>"; };
		103219E12CB478FF00D78376 /* Assets.xcassets */ = {isa = PBXFileReference; lastKnownFileType = folder.assetcatalog; path = Assets.xcassets; sourceTree = "<group>"; };
		103219E32CB478FF00D78376 /* DirectNativeIOS.entitlements */ = {isa = PBXFileReference; lastKnownFileType = text.plist.entitlements; path = DirectNativeIOS.entitlements; sourceTree = "<group>"; };
		103219E52CB478FF00D78376 /* Preview Assets.xcassets */ = {isa = PBXFileReference; lastKnownFileType = folder.assetcatalog; path = "Preview Assets.xcassets"; sourceTree = "<group>"; };
		103219EC2CB487C300D78376 /* DNBridge.swift */ = {isa = PBXFileReference; fileEncoding = 4; lastKnownFileType = sourcecode.swift; path = DNBridge.swift; sourceTree = "<group>"; };
		103219ED2CB487C300D78376 /* DNRenderer.swift */ = {isa = PBXFileReference; fileEncoding = 4; lastKnownFileType = sourcecode.swift; path = DNRenderer.swift; sourceTree = "<group>"; };
		103219EE2CB487C300D78376 /* ViewController.swift */ = {isa = PBXFileReference; fileEncoding = 4; lastKnownFileType = sourcecode.swift; path = ViewController.swift; sourceTree = "<group>"; };
		108DDFA52CB535D9002D18FA /* DNBridge.swift */ = {isa = PBXFileReference; fileEncoding = 4; lastKnownFileType = sourcecode.swift; path = DNBridge.swift; sourceTree = "<group>"; };
		108DDFA62CB535D9002D18FA /* DNRenderer.swift */ = {isa = PBXFileReference; fileEncoding = 4; lastKnownFileType = sourcecode.swift; path = DNRenderer.swift; sourceTree = "<group>"; };
		108DDFA72CB535D9002D18FA /* ViewController.swift */ = {isa = PBXFileReference; fileEncoding = 4; lastKnownFileType = sourcecode.swift; path = ViewController.swift; sourceTree = "<group>"; };
		108DDFB32CB53685002D18FA /* DNBridge.swift */ = {isa = PBXFileReference; lastKnownFileType = sourcecode.swift; path = DNBridge.swift; sourceTree = "<group>"; };
		108DDFB42CB53685002D18FA /* DNRenderer.swift */ = {isa = PBXFileReference; lastKnownFileType = sourcecode.swift; path = DNRenderer.swift; sourceTree = "<group>"; };
		108DDFB52CB53685002D18FA /* ViewController.swift */ = {isa = PBXFileReference; lastKnownFileType = sourcecode.swift; path = ViewController.swift; sourceTree = "<group>"; };
		108DDFBC2CB5524F002D18FA /* Info.plist */ = {isa = PBXFileReference; fileEncoding = 4; lastKnownFileType = text.plist.xml; name = Info.plist; path = ../../example/todo_app/ios/DirectNativeIOS/Info.plist; sourceTree = "<group>"; };
/* End PBXFileReference section */

/* Begin PBXFrameworksBuildPhase section */
		103219D72CB478FA00D78376 /* Frameworks */ = {
			isa = PBXFrameworksBuildPhase;
			buildActionMask = 2147483647;
			files = (
			);
			runOnlyForDeploymentPostprocessing = 0;
		};
/* End PBXFrameworksBuildPhase section */

/* Begin PBXGroup section */
		103219D12CB478FA00D78376 = {
			isa = PBXGroup;
			children = (
				103219DC2CB478FA00D78376 /* DirectNativeIOS */,
				103219DB2CB478FA00D78376 /* Products */,
			);
			sourceTree = "<group>";
		};
		103219DB2CB478FA00D78376 /* Products */ = {
			isa = PBXGroup;
			children = (
				103219DA2CB478FA00D78376 /* DirectNativeIOS.app */,
			);
			name = Products;
			sourceTree = "<group>";
		};
		103219DC2CB478FA00D78376 /* DirectNativeIOS */ = {
			isa = PBXGroup;
			children = (
				108DDFBC2CB5524F002D18FA /* Info.plist */,
				108DDFB62CB53685002D18FA /* DirectNative */,
				103219DD2CB478FA00D78376 /* DirectNativeIOSApp.swift */,
				103219DF2CB478FA00D78376 /* ContentView.swift */,
				103219E12CB478FF00D78376 /* Assets.xcassets */,
				103219E32CB478FF00D78376 /* DirectNativeIOS.entitlements */,
				103219E42CB478FF00D78376 /* Preview Content */,
			);
			path = DirectNativeIOS;
			sourceTree = "<group>";
		};
		103219E42CB478FF00D78376 /* Preview Content */ = {
			isa = PBXGroup;
			children = (
				103219EF2CB487C300D78376 /* DirectNative */,
				108DDFA82CB535D9002D18FA /* DirectNative */,
				103219E52CB478FF00D78376 /* Preview Assets.xcassets */,
			);
			path = "Preview Content";
			sourceTree = "<group>";
		};
		103219EF2CB487C300D78376 /* DirectNative */ = {
			isa = PBXGroup;
			children = (
				103219EC2CB487C300D78376 /* DNBridge.swift */,
				103219ED2CB487C300D78376 /* DNRenderer.swift */,
				103219EE2CB487C300D78376 /* ViewController.swift */,
			);
			name = DirectNative;
			path = DirectNativeIOS/DirectNative;
			sourceTree = SOURCE_ROOT;
		};
		108DDFA82CB535D9002D18FA /* DirectNative */ = {
			isa = PBXGroup;
			children = (
				108DDFA52CB535D9002D18FA /* DNBridge.swift */,
				108DDFA62CB535D9002D18FA /* DNRenderer.swift */,
				108DDFA72CB535D9002D18FA /* ViewController.swift */,
			);
			name = DirectNative;
			path = ../../../../../../../DirectNative;
			sourceTree = "<group>";
		};
		108DDFB62CB53685002D18FA /* DirectNative */ = {
			isa = PBXGroup;
			children = (
				108DDFB32CB53685002D18FA /* DNBridge.swift */,
				108DDFB42CB53685002D18FA /* DNRenderer.swift */,
				108DDFB52CB53685002D18FA /* ViewController.swift */,
			);
			path = DirectNative;
			sourceTree = "<group>";
		};
/* End PBXGroup section */

/* Begin PBXNativeTarget section */
		103219D92CB478FA00D78376 /* DirectNativeIOS */ = {
			isa = PBXNativeTarget;
			buildConfigurationList = 103219E92CB478FF00D78376 /* Build configuration list for PBXNativeTarget "DirectNativeIOS" */;
			buildPhases = (
				103219D62CB478FA00D78376 /* Sources */,
				103219D72CB478FA00D78376 /* Frameworks */,
				103219D82CB478FA00D78376 /* Resources */,
			);
			buildRules = (
			);
			dependencies = (
			);
			name = DirectNativeIOS;
			productName = DirectNativeIOS;
			productReference = 103219DA2CB478FA00D78376 /* DirectNativeIOS.app */;
			productType = "com.apple.product-type.application";
		};
/* End PBXNativeTarget section */

/* Begin PBXProject section */
		103219D22CB478FA00D78376 /* Project object */ = {
			isa = PBXProject;
			attributes = {
				BuildIndependentTargetsInParallel = 1;
				LastSwiftUpdateCheck = 1530;
				LastUpgradeCheck = 1530;
				TargetAttributes = {
					103219D92CB478FA00D78376 = {
						CreatedOnToolsVersion = 15.3;
					};
				};
			};
			buildConfigurationList = 103219D52CB478FA00D78376 /* Build configuration list for PBXProject "DirectNativeIOS" */;
			compatibilityVersion = "Xcode 14.0";
			developmentRegion = en;
			hasScannedForEncodings = 0;
			knownRegions = (
				en,
				Base,
			);
			mainGroup = 103219D12CB478FA00D78376;
			productRefGroup = 103219DB2CB478FA00D78376 /* Products */;
			projectDirPath = "";
			projectRoot = "";
			targets = (
				103219D92CB478FA00D78376 /* DirectNativeIOS */,
			);
		};
/* End PBXProject section */

/* Begin PBXResourcesBuildPhase section */
		103219D82CB478FA00D78376 /* Resources */ = {
			isa = PBXResourcesBuildPhase;
			buildActionMask = 2147483647;
			files = (
				103219E62CB478FF00D78376 /* Preview Assets.xcassets in Resources */,
				103219E22CB478FF00D78376 /* Assets.xcassets in Resources */,
				108DDFBD2CB5524F002D18FA /* Info.plist in Resources */,
			);
			runOnlyForDeploymentPostprocessing = 0;
		};
/* End PBXResourcesBuildPhase section */

/* Begin PBXSourcesBuildPhase section */
		103219D62CB478FA00D78376 /* Sources */ = {
			isa = PBXSourcesBuildPhase;
			buildActionMask = 2147483647;
			files = (
				108DDFB82CB538FD002D18FA /* DNRenderer.swift in Sources */,
				103219F02CB487C300D78376 /* DNBridge.swift in Sources */,
				103219E02CB478FA00D78376 /* ContentView.swift in Sources */,
				108DDFB92CB53901002D18FA /* ViewController.swift in Sources */,
				103219DE2CB478FA00D78376 /* DirectNativeIOSApp.swift in Sources */,
			);
			runOnlyForDeploymentPostprocessing = 0;
		};
/* End PBXSourcesBuildPhase section */

/* Begin XCBuildConfiguration section */
		103219E72CB478FF00D78376 /* Debug */ = {
			isa = XCBuildConfiguration;
			buildSettings = {
				ALWAYS_SEARCH_USER_PATHS = NO;
				ASSETCATALOG_COMPILER_GENERATE_SWIFT_ASSET_SYMBOL_EXTENSIONS = YES;
				CLANG_ANALYZER_NONNULL = YES;
				CLANG_ANALYZER_NUMBER_OBJECT_CONVERSION = YES_AGGRESSIVE;
				CLANG_CXX_LANGUAGE_STANDARD = "gnu++20";
				CLANG_ENABLE_MODULES = YES;
				CLANG_ENABLE_OBJC_ARC = YES;
				CLANG_ENABLE_OBJC_WEAK = YES;
				CLANG_WARN_BLOCK_CAPTURE_AUTORELEASING = YES;
				CLANG_WARN_BOOL_CONVERSION = YES;
				CLANG_WARN_COMMA = YES;
				CLANG_WARN_CONSTANT_CONVERSION = YES;
				CLANG_WARN_DEPRECATED_OBJC_IMPLEMENTATIONS = YES;
				CLANG_WARN_DIRECT_OBJC_ISA_USAGE = YES_ERROR;
				CLANG_WARN_DOCUMENTATION_COMMENTS = YES;
				CLANG_WARN_EMPTY_BODY = YES;
				CLANG_WARN_ENUM_CONVERSION = YES;
				CLANG_WARN_INFINITE_RECURSION = YES;
				CLANG_WARN_INT_CONVERSION = YES;
				CLANG_WARN_NON_LITERAL_NULL_CONVERSION = YES;
				CLANG_WARN_OBJC_IMPLICIT_RETAIN_SELF = YES;
				CLANG_WARN_OBJC_LITERAL_CONVERSION = YES;
				CLANG_WARN_OBJC_ROOT_CLASS = YES_ERROR;
				CLANG_WARN_QUOTED_INCLUDE_IN_FRAMEWORK_HEADER = YES;
				CLANG_WARN_RANGE_LOOP_ANALYSIS = YES;
				CLANG_WARN_STRICT_PROTOTYPES = YES;
				CLANG_WARN_SUSPICIOUS_MOVE = YES;
				CLANG_WARN_UNGUARDED_AVAILABILITY = YES_AGGRESSIVE;
				CLANG_WARN_UNREACHABLE_CODE = YES;
				CLANG_WARN__DUPLICATE_METHOD_MATCH = YES;
				COPY_PHASE_STRIP = NO;
				DEBUG_INFORMATION_FORMAT = dwarf;
				ENABLE_STRICT_OBJC_MSGSEND = YES;
				ENABLE_TESTABILITY = YES;
				ENABLE_USER_SCRIPT_SANDBOXING = YES;
				GCC_C_LANGUAGE_STANDARD = gnu17;
				GCC_DYNAMIC_NO_PIC = NO;
				GCC_NO_COMMON_BLOCKS = YES;
				GCC_OPTIMIZATION_LEVEL = 0;
				GCC_PREPROCESSOR_DEFINITIONS = (
					"DEBUG=1",
					"$(inherited)",
				);
				GCC_WARN_64_TO_32_BIT_CONVERSION = YES;
				GCC_WARN_ABOUT_RETURN_TYPE = YES_ERROR;
				GCC_WARN_UNDECLARED_SELECTOR = YES;
				GCC_WARN_UNINITIALIZED_AUTOS = YES_AGGRESSIVE;
				GCC_WARN_UNUSED_FUNCTION = YES;
				GCC_WARN_UNUSED_VARIABLE = YES;
				IPHONEOS_DEPLOYMENT_TARGET = 12.4;
				LOCALIZATION_PREFERS_STRING_CATALOGS = YES;
				MACOSX_DEPLOYMENT_TARGET = 12.0;
				MTL_ENABLE_DEBUG_INFO = INCLUDE_SOURCE;
				MTL_FAST_MATH = YES;
				ONLY_ACTIVE_ARCH = YES;
				SWIFT_ACTIVE_COMPILATION_CONDITIONS = "DEBUG $(inherited)";
				SWIFT_OPTIMIZATION_LEVEL = "-Onone";
			};
			name = Debug;
		};
		103219E82CB478FF00D78376 /* Release */ = {
			isa = XCBuildConfiguration;
			buildSettings = {
				ALWAYS_SEARCH_USER_PATHS = NO;
				ASSETCATALOG_COMPILER_GENERATE_SWIFT_ASSET_SYMBOL_EXTENSIONS = YES;
				CLANG_ANALYZER_NONNULL = YES;
				CLANG_ANALYZER_NUMBER_OBJECT_CONVERSION = YES_AGGRESSIVE;
				CLANG_CXX_LANGUAGE_STANDARD = "gnu++20";
				CLANG_ENABLE_MODULES = YES;
				CLANG_ENABLE_OBJC_ARC = YES;
				CLANG_ENABLE_OBJC_WEAK = YES;
				CLANG_WARN_BLOCK_CAPTURE_AUTORELEASING = YES;
				CLANG_WARN_BOOL_CONVERSION = YES;
				CLANG_WARN_COMMA = YES;
				CLANG_WARN_CONSTANT_CONVERSION = YES;
				CLANG_WARN_DEPRECATED_OBJC_IMPLEMENTATIONS = YES;
				CLANG_WARN_DIRECT_OBJC_ISA_USAGE = YES_ERROR;
				CLANG_WARN_DOCUMENTATION_COMMENTS = YES;
				CLANG_WARN_EMPTY_BODY = YES;
				CLANG_WARN_ENUM_CONVERSION = YES;
				CLANG_WARN_INFINITE_RECURSION = YES;
				CLANG_WARN_INT_CONVERSION = YES;
				CLANG_WARN_NON_LITERAL_NULL_CONVERSION = YES;
				CLANG_WARN_OBJC_IMPLICIT_RETAIN_SELF = YES;
				CLANG_WARN_OBJC_LITERAL_CONVERSION = YES;
				CLANG_WARN_OBJC_ROOT_CLASS = YES_ERROR;
				CLANG_WARN_QUOTED_INCLUDE_IN_FRAMEWORK_HEADER = YES;
				CLANG_WARN_RANGE_LOOP_ANALYSIS = YES;
				CLANG_WARN_STRICT_PROTOTYPES = YES;
				CLANG_WARN_SUSPICIOUS_MOVE = YES;
				CLANG_WARN_UNGUARDED_AVAILABILITY = YES_AGGRESSIVE;
				CLANG_WARN_UNREACHABLE_CODE = YES;
				CLANG_WARN__DUPLICATE_METHOD_MATCH = YES;
				COPY_PHASE_STRIP = NO;
				DEBUG_INFORMATION_FORMAT = "dwarf-with-dsym";
				ENABLE_NS_ASSERTIONS = NO;
				ENABLE_STRICT_OBJC_MSGSEND = YES;
				ENABLE_USER_SCRIPT_SANDBOXING = YES;
				GCC_C_LANGUAGE_STANDARD = gnu17;
				GCC_NO_COMMON_BLOCKS = YES;
				GCC_WARN_64_TO_32_BIT_CONVERSION = YES;
				GCC_WARN_ABOUT_RETURN_TYPE = YES_ERROR;
				GCC_WARN_UNDECLARED_SELECTOR = YES;
				GCC_WARN_UNINITIALIZED_AUTOS = YES_AGGRESSIVE;
				GCC_WARN_UNUSED_FUNCTION = YES;
				GCC_WARN_UNUSED_VARIABLE = YES;
				IPHONEOS_DEPLOYMENT_TARGET = 12.4;
				LOCALIZATION_PREFERS_STRING_CATALOGS = YES;
				MACOSX_DEPLOYMENT_TARGET = 12.0;
				MTL_ENABLE_DEBUG_INFO = NO;
				MTL_FAST_MATH = YES;
				SWIFT_COMPILATION_MODE = wholemodule;
			};
			name = Release;
		};
		103219EA2CB478FF00D78376 /* Debug */ = {
			isa = XCBuildConfiguration;
			buildSettings = {
				ASSETCATALOG_COMPILER_APPICON_NAME = AppIcon;
				ASSETCATALOG_COMPILER_GLOBAL_ACCENT_COLOR_NAME = AccentColor;
				CODE_SIGN_ENTITLEMENTS = DirectNativeIOS/DirectNativeIOS.entitlements;
				CODE_SIGN_STYLE = Automatic;
				CURRENT_PROJECT_VERSION = 1;
				DEVELOPMENT_ASSET_PATHS = "\"DirectNativeIOS/Preview Content\"";
				DEVELOPMENT_TEAM = NNXKAV4XD5;
				ENABLE_HARDENED_RUNTIME = YES;
				ENABLE_PREVIEWS = YES;
				GENERATE_INFOPLIST_FILE = YES;
				"INFOPLIST_KEY_UIApplicationSceneManifest_Generation[sdk=iphoneos*]" = YES;
				"INFOPLIST_KEY_UIApplicationSceneManifest_Generation[sdk=iphonesimulator*]" = YES;
				"INFOPLIST_KEY_UIApplicationSupportsIndirectInputEvents[sdk=iphoneos*]" = YES;
				"INFOPLIST_KEY_UIApplicationSupportsIndirectInputEvents[sdk=iphonesimulator*]" = YES;
				"INFOPLIST_KEY_UILaunchScreen_Generation[sdk=iphoneos*]" = YES;
				"INFOPLIST_KEY_UILaunchScreen_Generation[sdk=iphonesimulator*]" = YES;
				"INFOPLIST_KEY_UIStatusBarStyle[sdk=iphoneos*]" = UIStatusBarStyleDefault;
				"INFOPLIST_KEY_UIStatusBarStyle[sdk=iphonesimulator*]" = UIStatusBarStyleDefault;
				INFOPLIST_KEY_UISupportedInterfaceOrientations_iPad = "UIInterfaceOrientationPortrait UIInterfaceOrientationPortraitUpsideDown UIInterfaceOrientationLandscapeLeft UIInterfaceOrientationLandscapeRight";
				INFOPLIST_KEY_UISupportedInterfaceOrientations_iPhone = "UIInterfaceOrientationPortrait UIInterfaceOrientationLandscapeLeft UIInterfaceOrientationLandscapeRight";
				IPHONEOS_DEPLOYMENT_TARGET = 12.4;
				LD_RUNPATH_SEARCH_PATHS = "@executable_path/Frameworks";
				"LD_RUNPATH_SEARCH_PATHS[sdk=macosx*]" = "@executable_path/../Frameworks";
				MACOSX_DEPLOYMENT_TARGET = 12.4;
				MARKETING_VERSION = 1.0;
				PRODUCT_BUNDLE_IDENTIFIER = com.example.DirectNativeIOS;
				PRODUCT_NAME = "$(TARGET_NAME)";
				SDKROOT = auto;
				SUPPORTED_PLATFORMS = "iphoneos iphonesimulator macosx";
				SWIFT_EMIT_LOC_STRINGS = YES;
				SWIFT_VERSION = 5.0;
				TARGETED_DEVICE_FAMILY = "1,2";
			};
			name = Debug;
		};
		103219EB2CB478FF00D78376 /* Release */ = {
			isa = XCBuildConfiguration;
			buildSettings = {
				ASSETCATALOG_COMPILER_APPICON_NAME = AppIcon;
				ASSETCATALOG_COMPILER_GLOBAL_ACCENT_COLOR_NAME = AccentColor;
				CODE_SIGN_ENTITLEMENTS = DirectNativeIOS/DirectNativeIOS.entitlements;
				CODE_SIGN_STYLE = Automatic;
				CURRENT_PROJECT_VERSION = 1;
				DEVELOPMENT_ASSET_PATHS = "\"DirectNativeIOS/Preview Content\"";
				DEVELOPMENT_TEAM = NNXKAV4XD5;
				ENABLE_HARDENED_RUNTIME = YES;
				ENABLE_PREVIEWS = YES;
				GENERATE_INFOPLIST_FILE = YES;
				"INFOPLIST_KEY_UIApplicationSceneManifest_Generation[sdk=iphoneos*]" = YES;
				"INFOPLIST_KEY_UIApplicationSceneManifest_Generation[sdk=iphonesimulator*]" = YES;
				"INFOPLIST_KEY_UIApplicationSupportsIndirectInputEvents[sdk=iphoneos*]" = YES;
				"INFOPLIST_KEY_UIApplicationSupportsIndirectInputEvents[sdk=iphonesimulator*]" = YES;
				"INFOPLIST_KEY_UILaunchScreen_Generation[sdk=iphoneos*]" = YES;
				"INFOPLIST_KEY_UILaunchScreen_Generation[sdk=iphonesimulator*]" = YES;
				"INFOPLIST_KEY_UIStatusBarStyle[sdk=iphoneos*]" = UIStatusBarStyleDefault;
				"INFOPLIST_KEY_UIStatusBarStyle[sdk=iphonesimulator*]" = UIStatusBarStyleDefault;
				INFOPLIST_KEY_UISupportedInterfaceOrientations_iPad = "UIInterfaceOrientationPortrait UIInterfaceOrientationPortraitUpsideDown UIInterfaceOrientationLandscapeLeft UIInterfaceOrientationLandscapeRight";
				INFOPLIST_KEY_UISupportedInterfaceOrientations_iPhone = "UIInterfaceOrientationPortrait UIInterfaceOrientationLandscapeLeft UIInterfaceOrientationLandscapeRight";
				IPHONEOS_DEPLOYMENT_TARGET = 12.4;
				LD_RUNPATH_SEARCH_PATHS = "@executable_path/Frameworks";
				"LD_RUNPATH_SEARCH_PATHS[sdk=macosx*]" = "@executable_path/../Frameworks";
				MACOSX_DEPLOYMENT_TARGET = 12.4;
				MARKETING_VERSION = 1.0;
				PRODUCT_BUNDLE_IDENTIFIER = com.example.DirectNativeIOS;
				PRODUCT_NAME = "$(TARGET_NAME)";
				SDKROOT = auto;
				SUPPORTED_PLATFORMS = "iphoneos iphonesimulator macosx";
				SWIFT_EMIT_LOC_STRINGS = YES;
				SWIFT_VERSION = 5.0;
				TARGETED_DEVICE_FAMILY = "1,2";
			};
			name = Release;
		};
/* End XCBuildConfiguration section */

/* Begin XCConfigurationList section */
		103219D52CB478FA00D78376 /* Build configuration list for PBXProject "DirectNativeIOS" */ = {
			isa = XCConfigurationList;
			buildConfigurations = (
				103219E72CB478FF00D78376 /* Debug */,
				103219E82CB478FF00D78376 /* Release */,
			);
			defaultConfigurationIsVisible = 0;
			defaultConfigurationName = Release;
		};
		103219E92CB478FF00D78376 /* Build configuration list for PBXNativeTarget "DirectNativeIOS" */ = {
			isa = XCConfigurationList;
			buildConfigurations = (
				103219EA2CB478FF00D78376 /* Debug */,
				103219EB2CB478FF00D78376 /* Release */,
			);
			defaultConfigurationIsVisible = 0;
			defaultConfigurationName = Release;
		};
/* End XCConfigurationList section */
	};
	rootObject = 103219D22CB478FA00D78376 /* Project object */;
}
